
Microsoft Visual Studio Solution File, Format Version 12.00
# Visual Studio Version 17
VisualStudioVersion = 17.0.31919.166
MinimumVisualStudioVersion = 10.0.40219.1
Project("{9A19103F-16F7-4668-BE54-9A1E7A4F7556}") = "NLog.Loki", "NLog.Loki\NLog.Loki.csproj", "{E47CC9DB-0B43-48A7-BAA1-A03DB0049D76}"
EndProject
Project("{2150E333-8FDC-42A3-9474-1A3956D46DE8}") = "Solution Items", "Solution Items", "{2DC3647D-D673-423A-9B18-9D8D36E3A7E0}"
	ProjectSection(SolutionItems) = preProject
		..\.editorconfig = ..\.editorconfig
		..\README.md = ..\README.md
	EndProjectSection
EndProject
Project("{9A19103F-16F7-4668-BE54-9A1E7A4F7556}") = "NLog.Loki.Tests", "NLog.Loki.Tests\NLog.Loki.Tests.csproj", "{901267E9-BE8E-4FBF-AF90-D5BF5FB6F70D}"
EndProject
Project("{9A19103F-16F7-4668-BE54-9A1E7A4F7556}") = "Benchmark", "Benchmark\Benchmark.csproj", "{0880E1C9-7C30-4EA3-AE34-0CC02B22C628}"
EndProject
Project("{FAE04EC0-301F-11D3-BF4B-00C04F79EFBC}") = "Template", "Template\Template.csproj", "{38B6AD69-ECEF-46E4-B2AD-F4D6A9437A02}"
EndProject
Global
	GlobalSection(SolutionConfigurationPlatforms) = preSolution
		Debug|Any CPU = Debug|Any CPU
		Release|Any CPU = Release|Any CPU
	EndGlobalSection
	GlobalSection(ProjectConfigurationPlatforms) = postSolution
		{E47CC9DB-0B43-48A7-BAA1-A03DB0049D76}.Debug|Any CPU.ActiveCfg = Debug|Any CPU
		{E47CC9DB-0B43-48A7-BAA1-A03DB0049D76}.Debug|Any CPU.Build.0 = Debug|Any CPU
		{E47CC9DB-0B43-48A7-BAA1-A03DB0049D76}.Release|Any CPU.ActiveCfg = Release|Any CPU
		{E47CC9DB-0B43-48A7-BAA1-A03DB0049D76}.Release|Any CPU.Build.0 = Release|Any CPU
		{901267E9-BE8E-4FBF-AF90-D5BF5FB6F70D}.Debug|Any CPU.ActiveCfg = Debug|Any CPU
		{901267E9-BE8E-4FBF-AF90-D5BF5FB6F70D}.Debug|Any CPU.Build.0 = Debug|Any CPU
		{901267E9-BE8E-4FBF-AF90-D5BF5FB6F70D}.Release|Any CPU.ActiveCfg = Release|Any CPU
		{901267E9-BE8E-4FBF-AF90-D5BF5FB6F70D}.Release|Any CPU.Build.0 = Release|Any CPU
		{0880E1C9-7C30-4EA3-AE34-0CC02B22C628}.Debug|Any CPU.ActiveCfg = Debug|Any CPU
		{0880E1C9-7C30-4EA3-AE34-0CC02B22C628}.Debug|Any CPU.Build.0 = Debug|Any CPU
		{0880E1C9-7C30-4EA3-AE34-0CC02B22C628}.Release|Any CPU.ActiveCfg = Release|Any CPU
		{0880E1C9-7C30-4EA3-AE34-0CC02B22C628}.Release|Any CPU.Build.0 = Release|Any CPU
		{38B6AD69-ECEF-46E4-B2AD-F4D6A9437A02}.Debug|Any CPU.ActiveCfg = Debug|Any CPU
		{38B6AD69-ECEF-46E4-B2AD-F4D6A9437A02}.Debug|Any CPU.Build.0 = Debug|Any CPU
		{38B6AD69-ECEF-46E4-B2AD-F4D6A9437A02}.Release|Any CPU.ActiveCfg = Release|Any CPU
		{38B6AD69-ECEF-46E4-B2AD-F4D6A9437A02}.Release|Any CPU.Build.0 = Release|Any CPU
	EndGlobalSection
	GlobalSection(SolutionProperties) = preSolution
		HideSolutionNode = FALSE
	EndGlobalSection
	GlobalSection(ExtensibilityGlobals) = postSolution
		SolutionGuid = {D7953292-44FF-449E-A2BA-B92043A2284E}
	EndGlobalSection
EndGlobal
